Microsoft Visual Studio Solution File, Format Version 12.00
# Visual Studio Version 17
VisualStudioVersion = 17.0.31903.59
MinimumVisualStudioVersion = 10.0.40219.1
Project("{FAE04EC0-301F-11D3-BF4B-00C04F79EFBC}") = "12.1.1", "12.1.1\12.1.1.csproj", "{4E40A2D6-7EA2-40A2-AE2C-29668DDD1011}"
EndProject
Project("{FAE04EC0-301F-11D3-BF4B-00C04F79EFBC}") = "12.1.2", "12.1.2\12.1.2.csproj", "{66CAC878-AD28-4B5B-A732-29668DDD1012}"
EndProject
Global
	GlobalSection(SolutionConfigurationPlatforms) = preSolution
		Debug|Any CPU = Debug|Any CPU
		Release|Any CPU = Release|Any CPU
	EndGlobalSection
	GlobalSection(ProjectConfigurationPlatforms) = postSolution
		{4E40A2D6-7EA2-40A2-AE2C-29668DDD1011}.Debug|Any CPU.ActiveCfg = Debug|Any CPU
		{4E40A2D6-7EA2-40A2-AE2C-29668DDD1011}.Debug|Any CPU.Build.0 = Debug|Any CPU
		{4E40A2D6-7EA2-40A2-AE2C-29668DDD1011}.Release|Any CPU.ActiveCfg = Release|Any CPU
		{4E40A2D6-7EA2-40A2-AE2C-29668DDD1011}.Release|Any CPU.Build.0 = Release|Any CPU
		{66CAC878-AD28-4B5B-A732-29668DDD1012}.Debug|Any CPU.ActiveCfg = Debug|Any CPU
		{66CAC878-AD28-4B5B-A732-29668DDD1012}.Debug|Any CPU.Build.0 = Debug|Any CPU
		{66CAC878-AD28-4B5B-A732-29668DDD1012}.Release|Any CPU.ActiveCfg = Release|Any CPU
		{66CAC878-AD28-4B5B-A732-29668DDD1012}.Release|Any CPU.Build.0 = Release|Any CPU
	EndGlobalSection
	GlobalSection(SolutionProperties) = preSolution
		HideSolutionNode = FALSE
	EndGlobalSection
EndGlobal
